
Microsoft Visual Studio Solution File, Format Version 12.00
# Visual Studio Version 17
VisualStudioVersion = 17.1.31911.260
MinimumVisualStudioVersion = 10.0.40219.1
Project("{9092AA53-FB77-4645-B42D-1CCCA6BD08BD}") = "report", "report\report.njsproj", "{F2CD708C-177F-4437-87CD-541B2A5C884A}"
EndProject
Global
	GlobalSection(SolutionConfigurationPlatforms) = preSolution
		Debug|Any CPU = Debug|Any CPU
		Release|Any CPU = Release|Any CPU
	EndGlobalSection
	GlobalSection(ProjectConfigurationPlatforms) = postSolution
		{F2CD708C-177F-4437-87CD-541B2A5C884A}.Debug|Any CPU.ActiveCfg = Debug|Any CPU
		{F2CD708C-177F-4437-87CD-541B2A5C884A}.Debug|Any CPU.Build.0 = Debug|Any CPU
		{F2CD708C-177F-4437-87CD-541B2A5C884A}.Release|Any CPU.ActiveCfg = Release|Any CPU
		{F2CD708C-177F-4437-87CD-541B2A5C884A}.Release|Any CPU.Build.0 = Release|Any CPU
	EndGlobalSection
	GlobalSection(SolutionProperties) = preSolution
		HideSolutionNode = FALSE
	EndGlobalSection
	GlobalSection(ExtensibilityGlobals) = postSolution
		SolutionGuid = {466EAF5F-B2F5-4C7B-8C2D-EEB2B83E3682}
	EndGlobalSection
EndGlobal
