{
  "name": "bio-cadweb",
  "version": "0.0.0",
  "lockfileVersion": 1,
  "requires": true,
  "dependencies": {
    "@types/echarts": {
      "version": "4.9.12",
      "resolved": "https://registry.npmjs.org/@types/echarts/-/echarts-4.9.12.tgz",
      "integrity": "sha512-yi5yzCRQCZDXeMcTD0W1sRENILJ98PjwG0UH/gZwADU2wsGt523RmocXakbpUOch6FHJqWwwJijsoSGNhGp4kA==",
      "requires": {
        "@types/zrender": "4.0.1"
      }
    },
    "@types/node": {
      "version": "8.10.39",
      "resolved": "https://registry.npmjs.org/@types/node/-/node-8.10.39.tgz",
      "integrity": "sha512-rE7fktr02J8ybFf6eysife+WF+L4sAHWzw09DgdCebEu+qDwMvv4zl6Bc+825ttGZP73kCKxa3dhJOoGJ8+5mA==",
      "dev": true
    },
    "@types/zrender": {
      "version": "4.0.1",
      "resolved": "https://registry.npmjs.org/@types/zrender/-/zrender-4.0.1.tgz",
      "integrity": "sha512-IyTRf30jPOXK1+1RChI/78U6aV9hyWYf/vhL96Vt66oDz9es/BDjeKpvbNZSOHVA7zAReOwJcmdZS5AGAqhygw=="
    }
  }
}
